
Microsoft Visual Studio Solution File, Format Version 12.00
# Visual Studio Version 16
VisualStudioVersion = 16.0.31321.278
MinimumVisualStudioVersion = 10.0.40219.1
Project("{9A19103F-16F7-4668-BE54-9A1E7A4F7556}") = "Singleton", "Singleton\Singleton.csproj", "{5A4FE51B-F623-4D44-9B05-1F7FE98D07AF}"
EndProject
Project("{9A19103F-16F7-4668-BE54-9A1E7A4F7556}") = "SimpleFactory", "SimpleFactory\SimpleFactory.csproj", "{CDF9CF57-5546-425D-998A-0501F26AD063}"
EndProject
Project("{9A19103F-16F7-4668-BE54-9A1E7A4F7556}") = "AbstractFactory", "AbstractFactory\AbstractFactory.csproj", "{C6676A6F-75E7-4927-A194-9718C3486E0D}"
EndProject
Project("{FAE04EC0-301F-11D3-BF4B-00C04F79EFBC}") = "Proxy", "Proxy\Proxy.csproj", "{072E5C56-E690-4001-958A-4B27A0862499}"
EndProject
Global
	GlobalSection(SolutionConfigurationPlatforms) = preSolution
		Debug|Any CPU = Debug|Any CPU
		Release|Any CPU = Release|Any CPU
	EndGlobalSection
	GlobalSection(ProjectConfigurationPlatforms) = postSolution
		{5A4FE51B-F623-4D44-9B05-1F7FE98D07AF}.Debug|Any CPU.ActiveCfg = Debug|Any CPU
		{5A4FE51B-F623-4D44-9B05-1F7FE98D07AF}.Debug|Any CPU.Build.0 = Debug|Any CPU
		{5A4FE51B-F623-4D44-9B05-1F7FE98D07AF}.Release|Any CPU.ActiveCfg = Release|Any CPU
		{5A4FE51B-F623-4D44-9B05-1F7FE98D07AF}.Release|Any CPU.Build.0 = Release|Any CPU
		{CDF9CF57-5546-425D-998A-0501F26AD063}.Debug|Any CPU.ActiveCfg = Debug|Any CPU
		{CDF9CF57-5546-425D-998A-0501F26AD063}.Debug|Any CPU.Build.0 = Debug|Any CPU
		{CDF9CF57-5546-425D-998A-0501F26AD063}.Release|Any CPU.ActiveCfg = Release|Any CPU
		{CDF9CF57-5546-425D-998A-0501F26AD063}.Release|Any CPU.Build.0 = Release|Any CPU
		{C6676A6F-75E7-4927-A194-9718C3486E0D}.Debug|Any CPU.ActiveCfg = Debug|Any CPU
		{C6676A6F-75E7-4927-A194-9718C3486E0D}.Debug|Any CPU.Build.0 = Debug|Any CPU
		{C6676A6F-75E7-4927-A194-9718C3486E0D}.Release|Any CPU.ActiveCfg = Release|Any CPU
		{C6676A6F-75E7-4927-A194-9718C3486E0D}.Release|Any CPU.Build.0 = Release|Any CPU
		{072E5C56-E690-4001-958A-4B27A0862499}.Debug|Any CPU.ActiveCfg = Debug|Any CPU
		{072E5C56-E690-4001-958A-4B27A0862499}.Debug|Any CPU.Build.0 = Debug|Any CPU
		{072E5C56-E690-4001-958A-4B27A0862499}.Release|Any CPU.ActiveCfg = Release|Any CPU
		{072E5C56-E690-4001-958A-4B27A0862499}.Release|Any CPU.Build.0 = Release|Any CPU
	EndGlobalSection
	GlobalSection(SolutionProperties) = preSolution
		HideSolutionNode = FALSE
	EndGlobalSection
	GlobalSection(ExtensibilityGlobals) = postSolution
		SolutionGuid = {9FADFBBA-0BDE-40CF-835E-028753598F79}
	EndGlobalSection
EndGlobal
